
Microsoft Visual Studio Solution File, Format Version 12.00
# Visual Studio Version 16
VisualStudioVersion = 16.0.34301.259
MinimumVisualStudioVersion = 10.0.40219.1
Project("{888888A0-9F3D-457C-B088-3A5042F75D52}") = "jobhunt", "jobhunt.pyproj", "{DAE001C9-1C93-44A1-8E5C-EE4D55CA2898}"
EndProject
Global
	GlobalSection(SolutionConfigurationPlatforms) = preSolution
		Debug|Any CPU = Debug|Any CPU
		Release|Any CPU = Release|Any CPU
	EndGlobalSection
	GlobalSection(ProjectConfigurationPlatforms) = postSolution
		{DAE001C9-1C93-44A1-8E5C-EE4D55CA2898}.Debug|Any CPU.ActiveCfg = Debug|Any CPU
		{DAE001C9-1C93-44A1-8E5C-EE4D55CA2898}.Debug|Any CPU.Build.0 = Debug|Any CPU
		{DAE001C9-1C93-44A1-8E5C-EE4D55CA2898}.Release|Any CPU.ActiveCfg = Release|Any CPU
		{DAE001C9-1C93-44A1-8E5C-EE4D55CA2898}.Release|Any CPU.Build.0 = Release|Any CPU
	EndGlobalSection
	GlobalSection(SolutionProperties) = preSolution
		HideSolutionNode = FALSE
	EndGlobalSection
	GlobalSection(ExtensibilityGlobals) = postSolution
		SolutionGuid = {8733E509-A496-419C-BC24-5E9074F53482}
	EndGlobalSection
EndGlobal
